<?xml version="1.0" encoding="UTF-8"?>
<Scheme
   LastUpgradeVersion = "0940"
   version = "1.7">
   <BuildAction
      parallelizeBuildables = "YES"
      buildImplicitDependencies = "YES">
      <PostActions>
         <ExecutionAction
            ActionType = "Xcode.IDEStandardExecutionActionsCore.ExecutionActionType.ShellScriptAction">
            <ActionContent
               title = "Run Script"
               scriptText = "exec &gt; /tmp/my_log_file.txt 2&gt;&amp;1&#13;&#10;pwd&#10;&#10;echo &quot;${TARGET_BUILD_DIR}/${PRODUCT_NAME}&quot;.plugin&#10;cp -R &quot;${TARGET_BUILD_DIR}/${PRODUCT_NAME}.plugin&quot; &quot;/Library/Application Support/Adobe/Common/Plug-ins/7.0/MediaCore&quot;&#13;&#10;&#13;&#10;"
               shellToInvoke = "/bin/sh">
               <EnvironmentBuildable>
                  <BuildableReference
                     BuildableIdentifier = "primary"
                     BlueprintIdentifier = "7E83C0F9170F4840008B8043"
                     BuildableName = "Reframe360.plugin"
                     BlueprintName = "Reframe360"
                     ReferencedContainer = "container:Reframe360.xcodeproj">
                  </BuildableReference>
               </EnvironmentBuildable>
            </ActionContent>
         </ExecutionAction>
      </PostActions>
      <BuildActionEntries>
         <BuildActionEntry
            buildForTesting = "YES"
            buildForRunning = "YES"
            buildForProfiling = "YES"
            buildForArchiving = "YES"
            buildForAnalyzing = "YES">
            <BuildableReference
               BuildableIdentifier = "primary"
               BlueprintIdentifier = "7E83C0F9170F4840008B8043"
               BuildableName = "Reframe360.plugin"
               BlueprintName = "Reframe360"
               ReferencedContainer = "container:Reframe360.xcodeproj">
            </BuildableReference>
         </BuildActionEntry>
      </BuildActionEntries>
   </BuildAction>
   <TestAction
      buildConfiguration = "Debug"
      selectedDebuggerIdentifier = "Xcode.DebuggerFoundation.Debugger.LLDB"
      selectedLauncherIdentifier = "Xcode.DebuggerFoundation.Launcher.LLDB"
      shouldUseLaunchSchemeArgsEnv = "YES">
      <Testables>
      </Testables>
      <AdditionalOptions>
      </AdditionalOptions>
   </TestAction>
   <LaunchAction
      buildConfiguration = "Debug"
      selectedDebuggerIdentifier = "Xcode.DebuggerFoundation.Debugger.LLDB"
      selectedLauncherIdentifier = "Xcode.DebuggerFoundation.Launcher.LLDB"
      launchStyle = "0"
      useCustomWorkingDirectory = "NO"
      ignoresPersistentStateOnLaunch = "NO"
      debugDocumentVersioning = "YES"
      debugServiceExtension = "internal"
      allowLocationSimulation = "YES">
      <PathRunnable
         runnableDebuggingMode = "0"
         BundleIdentifier = "com.adobe.PremierePro.CC12"
         FilePath = "/Applications/Adobe Premiere Pro CC 2018/Adobe Premiere Pro CC 2018.app">
      </PathRunnable>
      <MacroExpansion>
         <BuildableReference
            BuildableIdentifier = "primary"
            BlueprintIdentifier = "7E83C0F9170F4840008B8043"
            BuildableName = "Reframe360.plugin"
            BlueprintName = "Reframe360"
            ReferencedContainer = "container:Reframe360.xcodeproj">
         </BuildableReference>
      </MacroExpansion>
      <EnvironmentVariables>
         <EnvironmentVariable
            key = ""
            value = ""
            isEnabled = "YES">
         </EnvironmentVariable>
      </EnvironmentVariables>
      <AdditionalOptions>
      </AdditionalOptions>
   </LaunchAction>
   <ProfileAction
      buildConfiguration = "Release"
      shouldUseLaunchSchemeArgsEnv = "YES"
      savedToolIdentifier = ""
      useCustomWorkingDirectory = "NO"
      debugDocumentVersioning = "YES">
      <MacroExpansion>
         <BuildableReference
            BuildableIdentifier = "primary"
            BlueprintIdentifier = "7E83C0F9170F4840008B8043"
            BuildableName = "Reframe360.plugin"
            BlueprintName = "Reframe360"
            ReferencedContainer = "container:Reframe360.xcodeproj">
         </BuildableReference>
      </MacroExpansion>
   </ProfileAction>
   <AnalyzeAction
      buildConfiguration = "Debug">
   </AnalyzeAction>
   <ArchiveAction
      buildConfiguration = "Release"
      revealArchiveInOrganizer = "YES">
   </ArchiveAction>
</Scheme>
