// !$*UTF8*$!
{
	archiveVersion = 1;
	classes = {
	};
	objectVersion = 46;
	objects = {

/* Begin PBXBuildFile section */
		EC161DE022171864007DA2F7 /* AEGP_SuiteHandler.cpp in Sources */ = {isa = PBXBuildFile; fileRef = ECC92FF7215BCBA30054C2D7 /* AEGP_SuiteHandler.cpp */; };
		EC161DE122171864007DA2F7 /* Reframe360_GPU.cpp in Sources */ = {isa = PBXBuildFile; fileRef = EC04FDDB20F4FF3F00A2301D /* Reframe360_GPU.cpp */; };
		EC161DE222171864007DA2F7 /* TCPServer.cpp in Sources */ = {isa = PBXBuildFile; fileRef = ECE99A982179CE670044FA75 /* TCPServer.cpp */; };
		EC161DE322171864007DA2F7 /* GumroadLicenseHandler.cpp in Sources */ = {isa = PBXBuildFile; fileRef = ECE99A96217994460044FA75 /* GumroadLicenseHandler.cpp */; };
		EC161DE422171864007DA2F7 /* Reframe360_CPU.cpp in Sources */ = {isa = PBXBuildFile; fileRef = EC04FDE020F4FF4000A2301D /* Reframe360_CPU.cpp */; };
		EC161DE522171864007DA2F7 /* Reframe360.cl in Sources */ = {isa = PBXBuildFile; fileRef = EC04FDE120F4FF4000A2301D /* Reframe360.cl */; };
		EC161DE622171864007DA2F7 /* MissingSuiteError.cpp in Sources */ = {isa = PBXBuildFile; fileRef = ECC93007215DF9CC0054C2D7 /* MissingSuiteError.cpp */; };
		EC161DE722171864007DA2F7 /* HardwareUUIDHandler.cpp in Sources */ = {isa = PBXBuildFile; fileRef = ECC92FF8215BCBA30054C2D7 /* HardwareUUIDHandler.cpp */; };
		EC161DE822171864007DA2F7 /* KeyFrameData.cpp in Sources */ = {isa = PBXBuildFile; fileRef = ECC92FF1215BCB890054C2D7 /* KeyFrameData.cpp */; };
		EC161DE922171864007DA2F7 /* KeyFrameManager.cpp in Sources */ = {isa = PBXBuildFile; fileRef = ECC92FF3215BCB890054C2D7 /* KeyFrameManager.cpp */; };
		EC161DEB22171864007DA2F7 /* aescriptsLicensing_libc++_Release_64.a in Frameworks */ = {isa = PBXBuildFile; fileRef = ECFF62C421820F9800EAE509 /* aescriptsLicensing_libc++_Release_64.a */; };
		EC161DED22171864007DA2F7 /* libboost_system.dylib in Frameworks */ = {isa = PBXBuildFile; fileRef = ECC93005215DF3240054C2D7 /* libboost_system.dylib */; };
		EC161DEE22171864007DA2F7 /* aescriptsLicensing_libc++_Debug_64.a in Frameworks */ = {isa = PBXBuildFile; fileRef = ECC92FEF215BCB360054C2D7 /* aescriptsLicensing_libc++_Debug_64.a */; };
		EC161DEF22171864007DA2F7 /* Cocoa.framework in Frameworks */ = {isa = PBXBuildFile; fileRef = 7E83C0FD170F4840008B8043 /* Cocoa.framework */; };
		EC161DF022171864007DA2F7 /* OpenCL.framework in Frameworks */ = {isa = PBXBuildFile; fileRef = 7E9365DF172F7344006C8436 /* OpenCL.framework */; };
		EC161DF222171864007DA2F7 /* InfoPlist.strings in Resources */ = {isa = PBXBuildFile; fileRef = EC04FDF120F5008500A2301D /* InfoPlist.strings */; };
		EC161DF322171864007DA2F7 /* CreateCString.py in Resources */ = {isa = PBXBuildFile; fileRef = EC61E82420F5119D0062CB00 /* CreateCString.py */; };
		EC161DF522171864007DA2F7 /* Reframe360.r in Rez */ = {isa = PBXBuildFile; fileRef = EC04FDDD20F4FF3F00A2301D /* Reframe360.r */; };
		EC161E03221A694D007DA2F7 /* libboost_thread-mt.dylib in Frameworks */ = {isa = PBXBuildFile; fileRef = EC161E02221A694D007DA2F7 /* libboost_thread-mt.dylib */; };
/* End PBXBuildFile section */

/* Begin PBXBuildRule section */
		EC161DF722171864007DA2F7 /* PBXBuildRule */ = {
			isa = PBXBuildRule;
			compilerSpec = com.apple.compilers.proxy.script;
			fileType = sourcecode.opencl;
			isEditable = 1;
			outputFiles = (
				"${DERIVED_FILE_DIR}/64/PreprocessedOpenCL/${INPUT_FILE_BASE}.cl.h",
			);
			script = "mkdir -p ${DERIVED_FILE_DIR}/64/PreprocessedOpenCL/\n\nchmod 777 ${DERIVED_FILE_DIR}/64/PreprocessedOpenCL/\n\n\npython \"Supporting Files/Utils/CreateCString.py\" -i \"${INPUT_FILE_DIR}\"/Reframe360.cl -o ${DERIVED_FILE_DIR}/64/PreprocessedOpenCL/${INPUT_FILE_BASE}.cl.h --name k${INPUT_FILE_BASE}_OpenCLString\n\n";
		};
		EC161DF822171864007DA2F7 /* PBXBuildRule */ = {
			isa = PBXBuildRule;
			compilerSpec = com.apple.compilers.proxy.script;
			filePatterns = "*.cu";
			fileType = pattern.proxy;
			isEditable = 1;
			outputFiles = (
				"$(DERIVED_FILE_DIR)/${INPUT_FILE_BASE}.o",
			);
			script = "# Correct compilation is dependent on nvcc being installed correctly, from the CUDA SDK\necho \"Running script for *.cu files in Build Rules...\"\n/usr/local/cuda/bin/nvcc -I\"${SRCROOT}\",/usr/local/cuda/include,\"${INPUT_FILE_DIR}\"/../../../Headers,\"${INPUT_FILE_DIR}\"/../Utils,\"${AE_SDK_BASE_PATH}\"/Examples/Headers,\"${AE_SDK_BASE_PATH}\"/Examples/Util,\"${BOOST_BASE_PATH}\" -c \"${INPUT_FILE_PATH}\" -o ${DERIVED_FILE_DIR}/${INPUT_FILE_BASE}.o\n";
		};
/* End PBXBuildRule section */

/* Begin PBXFileReference section */
		7E158D971A6F1D3E00BF99DB /* CUDA.framework */ = {isa = PBXFileReference; lastKnownFileType = wrapper.framework; name = CUDA.framework; path = ../../../../Library/Frameworks/CUDA.framework; sourceTree = DEVELOPER_DIR; };
		7E83C0FD170F4840008B8043 /* Cocoa.framework */ = {isa = PBXFileReference; lastKnownFileType = wrapper.framework; name = Cocoa.framework; path = System/Library/Frameworks/Cocoa.framework; sourceTree = SDKROOT; };
		7E83C100170F4840008B8043 /* AppKit.framework */ = {isa = PBXFileReference; lastKnownFileType = wrapper.framework; name = AppKit.framework; path = System/Library/Frameworks/AppKit.framework; sourceTree = SDKROOT; };
		7E83C101170F4840008B8043 /* CoreData.framework */ = {isa = PBXFileReference; lastKnownFileType = wrapper.framework; name = CoreData.framework; path = System/Library/Frameworks/CoreData.framework; sourceTree = SDKROOT; };
		7E83C102170F4840008B8043 /* Foundation.framework */ = {isa = PBXFileReference; lastKnownFileType = wrapper.framework; name = Foundation.framework; path = System/Library/Frameworks/Foundation.framework; sourceTree = SDKROOT; };
		7E9365DF172F7344006C8436 /* OpenCL.framework */ = {isa = PBXFileReference; lastKnownFileType = wrapper.framework; name = OpenCL.framework; path = System/Library/Frameworks/OpenCL.framework; sourceTree = SDKROOT; };
		EC04FDDB20F4FF3F00A2301D /* Reframe360_GPU.cpp */ = {isa = PBXFileReference; fileEncoding = 4; lastKnownFileType = sourcecode.cpp.cpp; name = Reframe360_GPU.cpp; path = ../Reframe360_GPU.cpp; sourceTree = "<group>"; };
		EC04FDDC20F4FF3F00A2301D /* Reframe360.cu */ = {isa = PBXFileReference; fileEncoding = 4; lastKnownFileType = text; name = Reframe360.cu; path = ../Reframe360.cu; sourceTree = "<group>"; };
		EC04FDDD20F4FF3F00A2301D /* Reframe360.r */ = {isa = PBXFileReference; fileEncoding = 4; lastKnownFileType = sourcecode.rez; name = Reframe360.r; path = ../Reframe360.r; sourceTree = "<group>"; };
		EC04FDDE20F4FF3F00A2301D /* CameraUtil.h */ = {isa = PBXFileReference; fileEncoding = 4; lastKnownFileType = sourcecode.c.h; name = CameraUtil.h; path = ../CameraUtil.h; sourceTree = "<group>"; };
		EC04FDDF20F4FF4000A2301D /* Reframe360.h */ = {isa = PBXFileReference; fileEncoding = 4; lastKnownFileType = sourcecode.c.h; name = Reframe360.h; path = ../Reframe360.h; sourceTree = "<group>"; };
		EC04FDE020F4FF4000A2301D /* Reframe360_CPU.cpp */ = {isa = PBXFileReference; fileEncoding = 4; lastKnownFileType = sourcecode.cpp.cpp; name = Reframe360_CPU.cpp; path = ../Reframe360_CPU.cpp; sourceTree = "<group>"; };
		EC04FDE120F4FF4000A2301D /* Reframe360.cl */ = {isa = PBXFileReference; fileEncoding = 4; lastKnownFileType = sourcecode.opencl; name = Reframe360.cl; path = ../Reframe360.cl; sourceTree = "<group>"; };
		EC04FDE220F4FF4000A2301D /* MathUtil.h */ = {isa = PBXFileReference; fileEncoding = 4; lastKnownFileType = sourcecode.c.h; name = MathUtil.h; path = ../MathUtil.h; sourceTree = "<group>"; };
		EC04FDE320F4FF4000A2301D /* ParamUtil.h */ = {isa = PBXFileReference; fileEncoding = 4; lastKnownFileType = sourcecode.c.h; name = ParamUtil.h; path = ../ParamUtil.h; sourceTree = "<group>"; };
		EC04FDE420F4FF4000A2301D /* Reframe360.rc */ = {isa = PBXFileReference; fileEncoding = 4; lastKnownFileType = text; name = Reframe360.rc; path = ../Reframe360.rc; sourceTree = "<group>"; };
		EC04FDE520F4FF4000A2301D /* Reframe360.rcp */ = {isa = PBXFileReference; fileEncoding = 4; lastKnownFileType = text; name = Reframe360.rcp; path = ../Reframe360.rcp; sourceTree = "<group>"; };
		EC04FDEE20F5006800A2301D /* Reframe360-Prefix.pch */ = {isa = PBXFileReference; fileEncoding = 4; lastKnownFileType = sourcecode.c.h; name = "Reframe360-Prefix.pch"; path = "../../../Premiere Pro CC 12.0 Mac SDK/Examples/Projects/GPUVideoFilter/SDK_CrossDissolve/Mac/Reframe360-Prefix.pch"; sourceTree = "<group>"; };
		EC04FDEF20F5006800A2301D /* Reframe360-Info.plist */ = {isa = PBXFileReference; fileEncoding = 4; lastKnownFileType = text.plist.xml; name = "Reframe360-Info.plist"; path = "../../../Premiere Pro CC 12.0 Mac SDK/Examples/Projects/GPUVideoFilter/SDK_CrossDissolve/Mac/Reframe360-Info.plist"; sourceTree = "<group>"; };
		EC04FDF220F5008500A2301D /* en */ = {isa = PBXFileReference; lastKnownFileType = text.plist.strings; name = en; path = "../../../Premiere Pro CC 12.0 Mac SDK/Examples/Projects/GPUVideoFilter/SDK_CrossDissolve/Mac/en.lproj/InfoPlist.strings"; sourceTree = "<group>"; };
		EC161DDD221717AB007DA2F7 /* Reframe360 copy-Info.plist */ = {isa = PBXFileReference; lastKnownFileType = text.plist.xml; name = "Reframe360 copy-Info.plist"; path = "/Users/stefansietzen/Dev/reframe360adobe/Mac/Reframe360 copy-Info.plist"; sourceTree = "<absolute>"; };
		EC161DFC22171864007DA2F7 /* Reframe360 BK.plugin */ = {isa = PBXFileReference; explicitFileType = wrapper.cfbundle; includeInIndex = 0; path = "Reframe360 BK.plugin"; sourceTree = BUILT_PRODUCTS_DIR; };
		EC161DFD22171864007DA2F7 /* Reframe360 copy2-Info.plist */ = {isa = PBXFileReference; lastKnownFileType = text.plist.xml; name = "Reframe360 copy2-Info.plist"; path = "/Users/stefansietzen/Dev/reframe360adobe/Mac/Reframe360 copy2-Info.plist"; sourceTree = "<absolute>"; };
		EC161E0022171953007DA2F7 /* libboost_thread-mt.a */ = {isa = PBXFileReference; lastKnownFileType = archive.ar; name = "libboost_thread-mt.a"; path = "../../../../../usr/local/Cellar/boost/1.67.0_1/lib/libboost_thread-mt.a"; sourceTree = "<group>"; };
		EC161E02221A694D007DA2F7 /* libboost_thread-mt.dylib */ = {isa = PBXFileReference; lastKnownFileType = "compiled.mach-o.dylib"; name = "libboost_thread-mt.dylib"; path = "../../../../../usr/local/Cellar/boost/1.67.0_1/lib/libboost_thread-mt.dylib"; sourceTree = "<group>"; };
		EC42DE7B221FE014003DA3B1 /* libboost_log_setup.a */ = {isa = PBXFileReference; lastKnownFileType = archive.ar; name = libboost_log_setup.a; path = ../../../../../usr/local/Cellar/boost/1.67.0_1/lib/libboost_log_setup.a; sourceTree = "<group>"; };
		EC42DE7D221FE019003DA3B1 /* libboost_log-mt.a */ = {isa = PBXFileReference; lastKnownFileType = archive.ar; name = "libboost_log-mt.a"; path = "../../../../../usr/local/Cellar/boost/1.67.0_1/lib/libboost_log-mt.a"; sourceTree = "<group>"; };
		EC42DE7F221FE026003DA3B1 /* libboost_log.a */ = {isa = PBXFileReference; lastKnownFileType = archive.ar; name = libboost_log.a; path = ../../../../../usr/local/Cellar/boost/1.67.0_1/lib/libboost_log.a; sourceTree = "<group>"; };
		EC61E82320F5119D0062CB00 /* PrGPUFilterModule.h */ = {isa = PBXFileReference; fileEncoding = 4; lastKnownFileType = sourcecode.c.h; path = PrGPUFilterModule.h; sourceTree = "<group>"; };
		EC61E82420F5119D0062CB00 /* CreateCString.py */ = {isa = PBXFileReference; fileEncoding = 4; lastKnownFileType = text.script.python; path = CreateCString.py; sourceTree = "<group>"; };
		EC61E82720F5119D0062CB00 /* FloatingPoint.h */ = {isa = PBXFileReference; fileEncoding = 4; lastKnownFileType = sourcecode.c.h; path = FloatingPoint.h; sourceTree = "<group>"; };
		EC61E82820F5119D0062CB00 /* KernelCore.h */ = {isa = PBXFileReference; fileEncoding = 4; lastKnownFileType = sourcecode.c.h; path = KernelCore.h; sourceTree = "<group>"; };
		EC61E82920F5119D0062CB00 /* KernelHalf.h */ = {isa = PBXFileReference; fileEncoding = 4; lastKnownFileType = sourcecode.c.h; path = KernelHalf.h; sourceTree = "<group>"; };
		EC61E82A20F5119D0062CB00 /* KernelMemory.h */ = {isa = PBXFileReference; fileEncoding = 4; lastKnownFileType = sourcecode.c.h; path = KernelMemory.h; sourceTree = "<group>"; };
		EC61E82B20F5119D0062CB00 /* KernelWrapper.h */ = {isa = PBXFileReference; fileEncoding = 4; lastKnownFileType = sourcecode.c.h; path = KernelWrapper.h; sourceTree = "<group>"; };
		ECB5E57F221FE3D100EFD486 /* libboost_log_setup-mt.a */ = {isa = PBXFileReference; lastKnownFileType = archive.ar; name = "libboost_log_setup-mt.a"; path = "../../../../../usr/local/Cellar/boost/1.67.0_1/lib/libboost_log_setup-mt.a"; sourceTree = "<group>"; };
		ECC92FEE215BC8DD0054C2D7 /* Licensing.h */ = {isa = PBXFileReference; lastKnownFileType = sourcecode.c.h; name = Licensing.h; path = ../Licensing.h; sourceTree = "<group>"; };
		ECC92FEF215BCB360054C2D7 /* aescriptsLicensing_libc++_Debug_64.a */ = {isa = PBXFileReference; lastKnownFileType = archive.ar; name = "aescriptsLicensing_libc++_Debug_64.a"; path = "../../aescripts-PLUGINS-licensing-framework-master/lib/MacOS/aescriptsLicensing_libc++_Debug_64.a"; sourceTree = "<group>"; };
		ECC92FF1215BCB890054C2D7 /* KeyFrameData.cpp */ = {isa = PBXFileReference; fileEncoding = 4; lastKnownFileType = sourcecode.cpp.cpp; name = KeyFrameData.cpp; path = ../KeyFrameData.cpp; sourceTree = "<group>"; };
		ECC92FF2215BCB890054C2D7 /* KeyFrameData.h */ = {isa = PBXFileReference; fileEncoding = 4; lastKnownFileType = sourcecode.c.h; name = KeyFrameData.h; path = ../KeyFrameData.h; sourceTree = "<group>"; };
		ECC92FF3215BCB890054C2D7 /* KeyFrameManager.cpp */ = {isa = PBXFileReference; fileEncoding = 4; lastKnownFileType = sourcecode.cpp.cpp; name = KeyFrameManager.cpp; path = ../KeyFrameManager.cpp; sourceTree = "<group>"; };
		ECC92FF4215BCB890054C2D7 /* KeyFrameManager.h */ = {isa = PBXFileReference; fileEncoding = 4; lastKnownFileType = sourcecode.c.h; name = KeyFrameManager.h; path = ../KeyFrameManager.h; sourceTree = "<group>"; };
		ECC92FF7215BCBA30054C2D7 /* AEGP_SuiteHandler.cpp */ = {isa = PBXFileReference; fileEncoding = 4; lastKnownFileType = sourcecode.cpp.cpp; name = AEGP_SuiteHandler.cpp; path = ../AEGP_SuiteHandler.cpp; sourceTree = "<group>"; };
		ECC92FF8215BCBA30054C2D7 /* HardwareUUIDHandler.cpp */ = {isa = PBXFileReference; fileEncoding = 4; lastKnownFileType = sourcecode.cpp.cpp; name = HardwareUUIDHandler.cpp; path = ../HardwareUUIDHandler.cpp; sourceTree = "<group>"; };
		ECC92FFB215BCBA30054C2D7 /* HardwareUUIDHandler.h */ = {isa = PBXFileReference; fileEncoding = 4; lastKnownFileType = sourcecode.c.h; name = HardwareUUIDHandler.h; path = ../HardwareUUIDHandler.h; sourceTree = "<group>"; };
		ECC93002215DF2BA0054C2D7 /* libboost_system.a */ = {isa = PBXFileReference; lastKnownFileType = archive.ar; name = libboost_system.a; path = ../../../../../usr/local/Cellar/boost/1.67.0_1/lib/libboost_system.a; sourceTree = "<group>"; };
		ECC93005215DF3240054C2D7 /* libboost_system.dylib */ = {isa = PBXFileReference; lastKnownFileType = "compiled.mach-o.dylib"; name = libboost_system.dylib; path = ../../../../../usr/local/Cellar/boost/1.67.0_1/lib/libboost_system.dylib; sourceTree = "<group>"; };
		ECC93007215DF9CC0054C2D7 /* MissingSuiteError.cpp */ = {isa = PBXFileReference; fileEncoding = 4; lastKnownFileType = sourcecode.cpp.cpp; name = MissingSuiteError.cpp; path = ../MissingSuiteError.cpp; sourceTree = "<group>"; };
		ECE99A95217994460044FA75 /* GumroadLicenseHandler.h */ = {isa = PBXFileReference; fileEncoding = 4; lastKnownFileType = sourcecode.c.h; name = GumroadLicenseHandler.h; path = ../GumroadLicenseHandler.h; sourceTree = "<group>"; };
		ECE99A96217994460044FA75 /* GumroadLicenseHandler.cpp */ = {isa = PBXFileReference; fileEncoding = 4; lastKnownFileType = sourcecode.cpp.cpp; name = GumroadLicenseHandler.cpp; path = ../GumroadLicenseHandler.cpp; sourceTree = "<group>"; };
		ECE99A982179CE670044FA75 /* TCPServer.cpp */ = {isa = PBXFileReference; lastKnownFileType = sourcecode.cpp.cpp; name = TCPServer.cpp; path = ../TCPServer.cpp; sourceTree = "<group>"; };
		ECE99A992179CE670044FA75 /* TCPServer.hpp */ = {isa = PBXFileReference; lastKnownFileType = sourcecode.cpp.h; name = TCPServer.hpp; path = ../TCPServer.hpp; sourceTree = "<group>"; };
		ECFF62C221820F7E00EAE509 /* aescriptsLicensing_libstdc++_Release_64.a */ = {isa = PBXFileReference; lastKnownFileType = archive.ar; name = "aescriptsLicensing_libstdc++_Release_64.a"; path = "../../aescripts-PLUGINS-licensing-framework-master/lib/MacOS/aescriptsLicensing_libstdc++_Release_64.a"; sourceTree = "<group>"; };
		ECFF62C421820F9800EAE509 /* aescriptsLicensing_libc++_Release_64.a */ = {isa = PBXFileReference; lastKnownFileType = archive.ar; name = "aescriptsLicensing_libc++_Release_64.a"; path = "../../aescripts-PLUGINS-licensing-framework-master/lib/MacOS/aescriptsLicensing_libc++_Release_64.a"; sourceTree = "<group>"; };
/* End PBXFileReference section */

/* Begin PBXFrameworksBuildPhase section */
		EC161DEA22171864007DA2F7 /* Frameworks */ = {
			isa = PBXFrameworksBuildPhase;
			buildActionMask = 2147483647;
			files = (
				EC161DEB22171864007DA2F7 /* aescriptsLicensing_libc++_Release_64.a in Frameworks */,
				EC161DED22171864007DA2F7 /* libboost_system.dylib in Frameworks */,
				EC161DEE22171864007DA2F7 /* aescriptsLicensing_libc++_Debug_64.a in Frameworks */,
				EC161DEF22171864007DA2F7 /* Cocoa.framework in Frameworks */,
				EC161DF022171864007DA2F7 /* OpenCL.framework in Frameworks */,
				EC161E03221A694D007DA2F7 /* libboost_thread-mt.dylib in Frameworks */,
			);
			runOnlyForDeploymentPostprocessing = 0;
		};
/* End PBXFrameworksBuildPhase section */

/* Begin PBXGroup section */
		7E83C0EF170F4840008B8043 = {
			isa = PBXGroup;
			children = (
				ECE99A982179CE670044FA75 /* TCPServer.cpp */,
				ECE99A992179CE670044FA75 /* TCPServer.hpp */,
				ECE99A96217994460044FA75 /* GumroadLicenseHandler.cpp */,
				ECE99A95217994460044FA75 /* GumroadLicenseHandler.h */,
				ECC92FF7215BCBA30054C2D7 /* AEGP_SuiteHandler.cpp */,
				ECC92FF8215BCBA30054C2D7 /* HardwareUUIDHandler.cpp */,
				ECC93007215DF9CC0054C2D7 /* MissingSuiteError.cpp */,
				ECC92FFB215BCBA30054C2D7 /* HardwareUUIDHandler.h */,
				ECC92FF1215BCB890054C2D7 /* KeyFrameData.cpp */,
				ECC92FF2215BCB890054C2D7 /* KeyFrameData.h */,
				ECC92FF3215BCB890054C2D7 /* KeyFrameManager.cpp */,
				ECC92FF4215BCB890054C2D7 /* KeyFrameManager.h */,
				ECC92FEE215BC8DD0054C2D7 /* Licensing.h */,
				EC04FDED20F5002400A2301D /* Supporting Files */,
				EC04FDDE20F4FF3F00A2301D /* CameraUtil.h */,
				EC04FDE320F4FF4000A2301D /* ParamUtil.h */,
				EC04FDE220F4FF4000A2301D /* MathUtil.h */,
				EC04FDE020F4FF4000A2301D /* Reframe360_CPU.cpp */,
				EC04FDDB20F4FF3F00A2301D /* Reframe360_GPU.cpp */,
				EC04FDE120F4FF4000A2301D /* Reframe360.cl */,
				EC04FDDC20F4FF3F00A2301D /* Reframe360.cu */,
				EC04FDDF20F4FF4000A2301D /* Reframe360.h */,
				EC04FDDD20F4FF3F00A2301D /* Reframe360.r */,
				EC04FDE420F4FF4000A2301D /* Reframe360.rc */,
				EC04FDE520F4FF4000A2301D /* Reframe360.rcp */,
				7E83C0FC170F4840008B8043 /* Frameworks */,
				7E83C0FB170F4840008B8043 /* Products */,
				EC161DDD221717AB007DA2F7 /* Reframe360 copy-Info.plist */,
				EC161DFD22171864007DA2F7 /* Reframe360 copy2-Info.plist */,
			);
			sourceTree = "<group>";
		};
		7E83C0FB170F4840008B8043 /* Products */ = {
			isa = PBXGroup;
			children = (
				EC161DFC22171864007DA2F7 /* Reframe360 BK.plugin */,
			);
			name = Products;
			sourceTree = "<group>";
		};
		7E83C0FC170F4840008B8043 /* Frameworks */ = {
			isa = PBXGroup;
			children = (
				ECB5E57F221FE3D100EFD486 /* libboost_log_setup-mt.a */,
				EC42DE7F221FE026003DA3B1 /* libboost_log.a */,
				EC42DE7D221FE019003DA3B1 /* libboost_log-mt.a */,
				EC42DE7B221FE014003DA3B1 /* libboost_log_setup.a */,
				EC161E0022171953007DA2F7 /* libboost_thread-mt.a */,
				ECFF62C421820F9800EAE509 /* aescriptsLicensing_libc++_Release_64.a */,
				ECFF62C221820F7E00EAE509 /* aescriptsLicensing_libstdc++_Release_64.a */,
				EC161E02221A694D007DA2F7 /* libboost_thread-mt.dylib */,
				ECC93005215DF3240054C2D7 /* libboost_system.dylib */,
				ECC93004215DF3030054C2D7 /* Caskroom */,
				ECC93002215DF2BA0054C2D7 /* libboost_system.a */,
				ECC92FEF215BCB360054C2D7 /* aescriptsLicensing_libc++_Debug_64.a */,
				7E158D971A6F1D3E00BF99DB /* CUDA.framework */,
				7E83C0FD170F4840008B8043 /* Cocoa.framework */,
				7E9365DF172F7344006C8436 /* OpenCL.framework */,
				7E83C0FF170F4840008B8043 /* Other Frameworks */,
			);
			name = Frameworks;
			sourceTree = "<group>";
		};
		7E83C0FF170F4840008B8043 /* Other Frameworks */ = {
			isa = PBXGroup;
			children = (
				7E83C100170F4840008B8043 /* AppKit.framework */,
				7E83C101170F4840008B8043 /* CoreData.framework */,
				7E83C102170F4840008B8043 /* Foundation.framework */,
			);
			name = "Other Frameworks";
			sourceTree = "<group>";
		};
		EC04FDED20F5002400A2301D /* Supporting Files */ = {
			isa = PBXGroup;
			children = (
				EC61E82220F5119D0062CB00 /* Utils */,
				EC04FDF120F5008500A2301D /* InfoPlist.strings */,
				EC04FDEF20F5006800A2301D /* Reframe360-Info.plist */,
				EC04FDEE20F5006800A2301D /* Reframe360-Prefix.pch */,
			);
			path = "Supporting Files";
			sourceTree = "<group>";
		};
		EC61E82220F5119D0062CB00 /* Utils */ = {
			isa = PBXGroup;
			children = (
				EC61E82320F5119D0062CB00 /* PrGPUFilterModule.h */,
				EC61E82420F5119D0062CB00 /* CreateCString.py */,
				EC61E82520F5119D0062CB00 /* PrGPU */,
			);
			path = Utils;
			sourceTree = "<group>";
		};
		EC61E82520F5119D0062CB00 /* PrGPU */ = {
			isa = PBXGroup;
			children = (
				EC61E82620F5119D0062CB00 /* KernelSupport */,
			);
			path = PrGPU;
			sourceTree = "<group>";
		};
		EC61E82620F5119D0062CB00 /* KernelSupport */ = {
			isa = PBXGroup;
			children = (
				EC61E82720F5119D0062CB00 /* FloatingPoint.h */,
				EC61E82820F5119D0062CB00 /* KernelCore.h */,
				EC61E82920F5119D0062CB00 /* KernelHalf.h */,
				EC61E82A20F5119D0062CB00 /* KernelMemory.h */,
				EC61E82B20F5119D0062CB00 /* KernelWrapper.h */,
			);
			path = KernelSupport;
			sourceTree = "<group>";
		};
		ECC93004215DF3030054C2D7 /* Caskroom */ = {
			isa = PBXGroup;
			children = (
			);
			name = Caskroom;
			path = ../../../../../usr/local/Caskroom;
			sourceTree = "<group>";
		};
/* End PBXGroup section */

/* Begin PBXNativeTarget section */
		EC161DDE22171864007DA2F7 /* Reframe360 BK */ = {
			isa = PBXNativeTarget;
			buildConfigurationList = EC161DF922171864007DA2F7 /* Build configuration list for PBXNativeTarget "Reframe360 BK" */;
			buildPhases = (
				EC161DDF22171864007DA2F7 /* Sources */,
				EC161DEA22171864007DA2F7 /* Frameworks */,
				EC161DF122171864007DA2F7 /* Resources */,
				EC161DF422171864007DA2F7 /* Rez */,
				EC161DF622171864007DA2F7 /* Run Script */,
			);
			buildRules = (
				EC161DF722171864007DA2F7 /* PBXBuildRule */,
				EC161DF822171864007DA2F7 /* PBXBuildRule */,
			);
			dependencies = (
			);
			name = "Reframe360 BK";
			productName = SDK_CrossDissolve;
			productReference = EC161DFC22171864007DA2F7 /* Reframe360 BK.plugin */;
			productType = "com.apple.product-type.bundle";
		};
/* End PBXNativeTarget section */

/* Begin PBXProject section */
		7E83C0F1170F4840008B8043 /* Project object */ = {
			isa = PBXProject;
			attributes = {
				LastUpgradeCheck = 0730;
				ORGANIZATIONNAME = "";
			};
			buildConfigurationList = 7E83C0F4170F4840008B8043 /* Build configuration list for PBXProject "Reframe360" */;
			compatibilityVersion = "Xcode 3.2";
			developmentRegion = English;
			hasScannedForEncodings = 0;
			knownRegions = (
				en,
			);
			mainGroup = 7E83C0EF170F4840008B8043;
			productRefGroup = 7E83C0FB170F4840008B8043 /* Products */;
			projectDirPath = "";
			projectRoot = "";
			targets = (
				EC161DDE22171864007DA2F7 /* Reframe360 BK */,
			);
		};
/* End PBXProject section */

/* Begin PBXResourcesBuildPhase section */
		EC161DF122171864007DA2F7 /* Resources */ = {
			isa = PBXResourcesBuildPhase;
			buildActionMask = 2147483647;
			files = (
				EC161DF222171864007DA2F7 /* InfoPlist.strings in Resources */,
				EC161DF322171864007DA2F7 /* CreateCString.py in Resources */,
			);
			runOnlyForDeploymentPostprocessing = 0;
		};
/* End PBXResourcesBuildPhase section */

/* Begin PBXRezBuildPhase section */
		EC161DF422171864007DA2F7 /* Rez */ = {
			isa = PBXRezBuildPhase;
			buildActionMask = 2147483647;
			files = (
				EC161DF522171864007DA2F7 /* Reframe360.r in Rez */,
			);
			runOnlyForDeploymentPostprocessing = 0;
		};
/* End PBXRezBuildPhase section */

/* Begin PBXShellScriptBuildPhase section */
		EC161DF622171864007DA2F7 /* Run Script */ = {
			isa = PBXShellScriptBuildPhase;
			buildActionMask = 2147483647;
			files = (
			);
			inputPaths = (
			);
			name = "Run Script";
			outputPaths = (
			);
			runOnlyForDeploymentPostprocessing = 0;
			shellPath = /bin/sh;
			shellScript = "echo \"${TARGET_BUILD_DIR}/${PRODUCT_NAME}.plugin\"\ncp -R \"${TARGET_BUILD_DIR}/${PRODUCT_NAME}.plugin\" \"/Library/Application Support/Adobe/Common/Plug-ins/7.0/MediaCore\"\n";
		};
/* End PBXShellScriptBuildPhase section */

/* Begin PBXSourcesBuildPhase section */
		EC161DDF22171864007DA2F7 /* Sources */ = {
			isa = PBXSourcesBuildPhase;
			buildActionMask = 2147483647;
			files = (
				EC161DE022171864007DA2F7 /* AEGP_SuiteHandler.cpp in Sources */,
				EC161DE122171864007DA2F7 /* Reframe360_GPU.cpp in Sources */,
				EC161DE222171864007DA2F7 /* TCPServer.cpp in Sources */,
				EC161DE322171864007DA2F7 /* GumroadLicenseHandler.cpp in Sources */,
				EC161DE422171864007DA2F7 /* Reframe360_CPU.cpp in Sources */,
				EC161DE522171864007DA2F7 /* Reframe360.cl in Sources */,
				EC161DE622171864007DA2F7 /* MissingSuiteError.cpp in Sources */,
				EC161DE722171864007DA2F7 /* HardwareUUIDHandler.cpp in Sources */,
				EC161DE822171864007DA2F7 /* KeyFrameData.cpp in Sources */,
				EC161DE922171864007DA2F7 /* KeyFrameManager.cpp in Sources */,
			);
			runOnlyForDeploymentPostprocessing = 0;
		};
/* End PBXSourcesBuildPhase section */

/* Begin PBXVariantGroup section */
		EC04FDF120F5008500A2301D /* InfoPlist.strings */ = {
			isa = PBXVariantGroup;
			children = (
				EC04FDF220F5008500A2301D /* en */,
			);
			name = InfoPlist.strings;
			sourceTree = "<group>";
		};
/* End PBXVariantGroup section */

/* Begin XCBuildConfiguration section */
		7E83C10A170F4840008B8043 /* Debug */ = {
			isa = XCBuildConfiguration;
			buildSettings = {
				CLANG_CXX_LANGUAGE_STANDARD = "compiler-default";
				CLANG_WARN_EMPTY_BODY = YES;
				CLANG_WARN__DUPLICATE_METHOD_MATCH = YES;
				COPY_PHASE_STRIP = NO;
				ENABLE_TESTABILITY = YES;
				GCC_DYNAMIC_NO_PIC = NO;
				GCC_ENABLE_OBJC_EXCEPTIONS = YES;
				GCC_INPUT_FILETYPE = sourcecode.cpp.objcpp;
				GCC_OPTIMIZATION_LEVEL = 0;
				GCC_PREPROCESSOR_DEFINITIONS = (
					"DEBUG=1",
					"$(inherited)",
				);
				GCC_SYMBOLS_PRIVATE_EXTERN = NO;
				GCC_WARN_64_TO_32_BIT_CONVERSION = YES;
				GCC_WARN_ABOUT_RETURN_TYPE = YES;
				GCC_WARN_UNINITIALIZED_AUTOS = YES;
				GCC_WARN_UNUSED_VARIABLE = YES;
				GENERATE_PKGINFO_FILE = YES;
				HEADER_SEARCH_PATHS = (
					../../../../Headers/,
					../../../../Utils/,
					"\"${AE_SDK_BASE_PATH}/Examples/Headers\"",
					"\"${AE_SDK_BASE_PATH}/Examples/Headers/SP\"",
					"\"${AE_SDK_BASE_PATH}/Examples/Util\"",
					"\"${AE_SDK_BASE_PATH}/Examples/Resources\"",
					"\"${CUDA_SDK_BASE_PATH}/\"",
					/usr/local/Cellar/boost/1.67.0_1/include,
				);
				ONLY_ACTIVE_ARCH = YES;
				SDKROOT = macosx;
				WRAPPER_EXTENSION = plugin;
			};
			name = Debug;
		};
		7E83C10B170F4840008B8043 /* Release */ = {
			isa = XCBuildConfiguration;
			buildSettings = {
				CLANG_CXX_LANGUAGE_STANDARD = "compiler-default";
				CLANG_WARN_EMPTY_BODY = YES;
				CLANG_WARN__DUPLICATE_METHOD_MATCH = YES;
				COPY_PHASE_STRIP = YES;
				DEBUG_INFORMATION_FORMAT = "dwarf-with-dsym";
				GCC_ENABLE_OBJC_EXCEPTIONS = YES;
				GCC_INPUT_FILETYPE = sourcecode.cpp.objcpp;
				GCC_OPTIMIZATION_LEVEL = s;
				GCC_WARN_64_TO_32_BIT_CONVERSION = YES;
				GCC_WARN_ABOUT_RETURN_TYPE = YES;
				GCC_WARN_UNINITIALIZED_AUTOS = YES;
				GCC_WARN_UNUSED_VARIABLE = YES;
				GENERATE_PKGINFO_FILE = YES;
				HEADER_SEARCH_PATHS = (
					../../../../Headers/,
					../../../../Utils/,
					"\"${AE_SDK_BASE_PATH}/Examples/Headers\"",
					"\"${AE_SDK_BASE_PATH}/Examples/Headers/SP\"",
					"\"${AE_SDK_BASE_PATH}/Examples/Util\"",
					"\"${AE_SDK_BASE_PATH}/Examples/Resources\"",
					"\"${CUDA_SDK_BASE_PATH}/\"",
					/usr/local/Cellar/boost/1.67.0_1/include,
				);
				SDKROOT = macosx;
				WRAPPER_EXTENSION = plugin;
			};
			name = Release;
		};
		EC161DFA22171864007DA2F7 /* Debug */ = {
			isa = XCBuildConfiguration;
			buildSettings = {
				CLANG_CXX_LANGUAGE_STANDARD = "c++0x";
				CLANG_CXX_LIBRARY = "compiler-default";
				COMBINE_HIDPI_IMAGES = YES;
				FRAMEWORK_SEARCH_PATHS = (
					"$(inherited)",
					"$(LOCAL_LIBRARY_DIR)/Frameworks",
				);
				GCC_PRECOMPILE_PREFIX_HEADER = YES;
				GCC_PREFIX_HEADER = "Reframe360-Prefix.pch";
				HEADER_SEARCH_PATHS = (
					"\"/Users/stefansietzen/Dev/Premiere Pro CC 12.0 Mac SDK/Examples/Headers/\"",
					"\"/Users/stefansietzen/Dev/AfterEffectsSDK_2019/Examples/Utils/\"",
					"\"/Users/stefansietzen/Dev/AfterEffectsSDK_2019/Examples/Headers\"",
					"\"/Users/stefansietzen/Dev/AfterEffectsSDK_2019/Examples/Util\"",
					"\"/Users/stefansietzen/Dev/AfterEffectsSDK_2019/Examples/Resources\"",
					/usr/local/cuda/include,
					../../glm,
					"\"../../aescripts-PLUGINS-licensing-framework-master/include/\"",
					"\"/Users/stefansietzen/Dev/json/include\"",
					/Users/stefansietzen/Dev/boost_1_67_0/,
				);
				INFOPLIST_FILE = "Reframe360 copy2-Info.plist";
				INSTALL_PATH = "@rpath";
				LD_RUNPATH_SEARCH_PATHS = /usr/local/cuda/lib;
				LIBRARY_SEARCH_PATHS = (
					"/Users/stefansietzen/Dev/aescripts-PLUGINS-licensing-framework-master/lib/MacOS",
					/usr/local/Cellar/boost/1.67.0_1/lib,
				);
				OTHER_LDFLAGS = "";
				PRODUCT_BUNDLE_IDENTIFIER = com.Reframe360;
				PRODUCT_NAME = "$(TARGET_NAME)";
				SDKROOT = macosx;
			};
			name = Debug;
		};
		EC161DFB22171864007DA2F7 /* Release */ = {
			isa = XCBuildConfiguration;
			buildSettings = {
				CLANG_CXX_LANGUAGE_STANDARD = "c++0x";
				CLANG_CXX_LIBRARY = "compiler-default";
				COMBINE_HIDPI_IMAGES = YES;
				FRAMEWORK_SEARCH_PATHS = (
					"$(inherited)",
					"$(LOCAL_LIBRARY_DIR)/Frameworks",
				);
				GCC_OPTIMIZATION_LEVEL = 3;
				GCC_PRECOMPILE_PREFIX_HEADER = YES;
				GCC_PREFIX_HEADER = "Reframe360-Prefix.pch";
				HEADER_SEARCH_PATHS = (
					"\"/Users/stefansietzen/Dev/Premiere Pro CC 12.0 Mac SDK/Examples/Headers/\"",
					"\"/Users/stefansietzen/Dev/AfterEffectsSDK_2019/Examples/Utils/\"",
					"\"/Users/stefansietzen/Dev/AfterEffectsSDK_2019/Examples/Headers\"",
					"\"/Users/stefansietzen/Dev/AfterEffectsSDK_2019/Examples/Util\"",
					"\"/Users/stefansietzen/Dev/AfterEffectsSDK_2019/Examples/Resources\"",
					/usr/local/cuda/include,
					../../glm,
					"\"../../aescripts-PLUGINS-licensing-framework-master/include/\"",
					"\"/Users/stefansietzen/Dev/json/include\"",
					/Users/stefansietzen/Dev/boost_1_67_0/,
				);
				INFOPLIST_FILE = "Reframe360 copy2-Info.plist";
				INSTALL_PATH = "@rpath";
				LD_RUNPATH_SEARCH_PATHS = /usr/local/cuda/lib;
				LIBRARY_SEARCH_PATHS = (
					"/Users/stefansietzen/Dev/aescripts-PLUGINS-licensing-framework-master/lib/MacOS",
					/usr/local/Cellar/boost/1.67.0_1/lib,
				);
				OTHER_LDFLAGS = "";
				PRODUCT_BUNDLE_IDENTIFIER = com.Reframe360;
				PRODUCT_NAME = "$(TARGET_NAME)";
				SDKROOT = macosx;
			};
			name = Release;
		};
/* End XCBuildConfiguration section */

/* Begin XCConfigurationList section */
		7E83C0F4170F4840008B8043 /* Build configuration list for PBXProject "Reframe360" */ = {
			isa = XCConfigurationList;
			buildConfigurations = (
				7E83C10A170F4840008B8043 /* Debug */,
				7E83C10B170F4840008B8043 /* Release */,
			);
			defaultConfigurationIsVisible = 0;
			defaultConfigurationName = Release;
		};
		EC161DF922171864007DA2F7 /* Build configuration list for PBXNativeTarget "Reframe360 BK" */ = {
			isa = XCConfigurationList;
			buildConfigurations = (
				EC161DFA22171864007DA2F7 /* Debug */,
				EC161DFB22171864007DA2F7 /* Release */,
			);
			defaultConfigurationIsVisible = 0;
			defaultConfigurationName = Release;
		};
/* End XCConfigurationList section */
	};
	rootObject = 7E83C0F1170F4840008B8043 /* Project object */;
}
